# This file was autogenerated by Stack.
# You should not edit this file by hand.
# For more information, please see the documentation at:
#   https://docs.haskellstack.org/en/stable/lock_files

packages:
- completed:
    hackage: PortMidi-0.2.0.0@sha256:0671e36ec72e95138bf396234b205864a8a6d0ee353e09e01cbfd57004c56f40,2383
    pantry-tree:
      size: 1818
      sha256: c9936666afc390560319024c25ecb184e2518ae4d3be5ae14081231091c1f073
  original:
    hackage: PortMidi-0.2.0.0@sha256:0671e36ec72e95138bf396234b205864a8a6d0ee353e09e01cbfd57004c56f40,2383
- completed:
    hackage: Yampa-0.13.1@sha256:4612a2646c27bcd3ac55c90dbc34249303e28aa5b3bc3e0c6fa9ce58b889843c,5436
    pantry-tree:
      size: 4039
      sha256: 2ebdfafc0143a66132e1f790fc3909c93654ee89fbe468574c5c2a36070dc6b3
  original:
    hackage: Yampa-0.13.1@sha256:4612a2646c27bcd3ac55c90dbc34249303e28aa5b3bc3e0c6fa9ce58b889843c,5436
- completed:
    hackage: simple-affine-space-0.1@sha256:09e582f2e12ce9feb251cbdacec57fa1f4a838ec63928026d98b758e89f9abd7,1931
    pantry-tree:
      size: 696
      sha256: 08850098daa8939b543a3593f57d0814488eb612f807da769762495cac577089
  original:
    hackage: simple-affine-space-0.1@sha256:09e582f2e12ce9feb251cbdacec57fa1f4a838ec63928026d98b758e89f9abd7,1931
- completed:
    cabal-file:
      size: 1608
      sha256: 76ffd0b5ce01889b91a29300377b9b04adbd590557c563e386155d0e833a304f
    name: midi-portmidi
    version: 0.1.0.0
    git: https://github.com/rainbyte/midi-portmidi
    pantry-tree:
      size: 482
      sha256: 332f306388b150ab9fb2f9195058c9348e31fb92a6d039dcf34f292e31fe04bf
    commit: f9a4b468169c23733cc8a0d0928a86377a8b549c
  original:
    git: https://github.com/rainbyte/midi-portmidi
    commit: f9a4b468169c23733cc8a0d0928a86377a8b549c
snapshots:
- completed:
    size: 545658
    url: https://raw.githubusercontent.com/commercialhaskell/stackage-snapshots/master/lts/14/12.yaml
    sha256: 26b807457213126d26b595439d705dc824dbb7618b0de6b900adc2bf6a059406
  original: lts-14.12
